
Microsoft Visual Studio Solution File, Format Version 12.00
# Visual Studio Version 17
VisualStudioVersion = 17.0.31903.59
MinimumVisualStudioVersion = 10.0.40219.1
Project("{2150E333-8FDC-42A3-9474-1A3956D46DE8}") = "src", "src", "{827E0CD3-B72D-47B6-A68D-7590B98EB39B}"
EndProject
Project("{2150E333-8FDC-42A3-9474-1A3956D46DE8}") = "CurrencyService", "CurrencyService", "{2031EC71-5F1F-DAB0-665B-E333F67E483E}"
EndProject
Project("{FAE04EC0-301F-11D3-BF4B-00C04F79EFBC}") = "CodeExample.CurrencyService.Api", "src\CurrencyService\CodeExample.CurrencyService.Api\CodeExample.CurrencyService.Api.csproj", "{CB29CF5A-1235-4844-A67D-2930CB8A7AA0}"
EndProject
Project("{FAE04EC0-301F-11D3-BF4B-00C04F79EFBC}") = "CodeExample.CurrencyService.Domain", "src\CurrencyService\CodeExample.CurrencyService.Domain\CodeExample.CurrencyService.Domain.csproj", "{6E0ACCA6-5C98-4726-A34B-B131DA22D7B1}"
EndProject
Project("{FAE04EC0-301F-11D3-BF4B-00C04F79EFBC}") = "CodeExample.CurrencyService.Application", "src\CurrencyService\CodeExample.CurrencyService.Application\CodeExample.CurrencyService.Application.csproj", "{BF506F59-EA08-47ED-92B2-D932599558E3}"
EndProject
Project("{FAE04EC0-301F-11D3-BF4B-00C04F79EFBC}") = "CodeExample.CurrencyService.Infrastructure", "src\CurrencyService\CodeExample.CurrencyService.Infrastructure\CodeExample.CurrencyService.Infrastructure.csproj", "{A66E06F0-6FC1-42FB-A83B-F97F314D6BAC}"
EndProject
Project("{FAE04EC0-301F-11D3-BF4B-00C04F79EFBC}") = "CodeExample.CurrencyService.Migrator", "src\CurrencyService\CodeExample.CurrencyService.Migrator\CodeExample.CurrencyService.Migrator.csproj", "{D754C1DE-CDD1-4215-A04B-61308F5738D9}"
EndProject
Project("{2150E333-8FDC-42A3-9474-1A3956D46DE8}") = "FinanceService", "FinanceService", "{C8A81FA1-00A6-A89E-D121-D71451D98C8A}"
EndProject
Project("{FAE04EC0-301F-11D3-BF4B-00C04F79EFBC}") = "CodeExample.FinanceService.Api", "src\FinanceService\CodeExample.FinanceService.Api\CodeExample.FinanceService.Api.csproj", "{DA3EA065-BE99-47C7-8A2F-059CDAC6303E}"
EndProject
Project("{FAE04EC0-301F-11D3-BF4B-00C04F79EFBC}") = "CodeExample.FinanceService.Domain", "src\FinanceService\CodeExample.FinanceService.Domain\CodeExample.FinanceService.Domain.csproj", "{9A60A117-E731-4ED2-B668-7F3485EC76EE}"
EndProject
Project("{FAE04EC0-301F-11D3-BF4B-00C04F79EFBC}") = "CodeExample.FinanceService.Application", "src\FinanceService\CodeExample.FinanceService.Application\CodeExample.FinanceService.Application.csproj", "{5E9F3EAE-752A-49A0-AAAB-F93CBF57CC10}"
EndProject
Project("{FAE04EC0-301F-11D3-BF4B-00C04F79EFBC}") = "CodeExample.FinanceService.Infrastructure", "src\FinanceService\CodeExample.FinanceService.Infrastructure\CodeExample.FinanceService.Infrastructure.csproj", "{A1E5725A-A870-49E6-AB10-CAD7C42CB858}"
EndProject
Project("{FAE04EC0-301F-11D3-BF4B-00C04F79EFBC}") = "CodeExample.FinanceService.Migrator", "src\FinanceService\CodeExample.FinanceService.Migrator\CodeExample.FinanceService.Migrator.csproj", "{F56AEDBE-42E1-40BC-A71C-4AAE2D8FE4CC}"
EndProject
Project("{2150E333-8FDC-42A3-9474-1A3956D46DE8}") = "Gateway", "Gateway", "{6306A8FB-679E-111F-6585-8F70E0EE6013}"
EndProject
Project("{FAE04EC0-301F-11D3-BF4B-00C04F79EFBC}") = "CodeExample.Gateway", "src\Gateway\CodeExample.Gateway\CodeExample.Gateway.csproj", "{5582917B-ADC6-4270-8D6B-70727812EF5E}"
EndProject
Project("{2150E333-8FDC-42A3-9474-1A3956D46DE8}") = "UserService", "UserService", "{CB753486-031C-08A7-C788-4C8CBC49DED1}"
EndProject
Project("{FAE04EC0-301F-11D3-BF4B-00C04F79EFBC}") = "CodeExample.UserService.Api", "src\UserService\CodeExample.UserService.Api\CodeExample.UserService.Api.csproj", "{492CE35D-8693-401A-AA7A-053FBADC41C0}"
EndProject
Project("{FAE04EC0-301F-11D3-BF4B-00C04F79EFBC}") = "CodeExample.UserService.Domain", "src\UserService\CodeExample.UserService.Domain\CodeExample.UserService.Domain.csproj", "{955E4629-C6BB-48E8-85B4-2704BEBA554F}"
EndProject
Project("{FAE04EC0-301F-11D3-BF4B-00C04F79EFBC}") = "CodeExample.UserService.Application", "src\UserService\CodeExample.UserService.Application\CodeExample.UserService.Application.csproj", "{7D3F8FCF-D22C-4051-8001-F76BDF188B86}"
EndProject
Project("{FAE04EC0-301F-11D3-BF4B-00C04F79EFBC}") = "CodeExample.UserService.Infrastructure", "src\UserService\CodeExample.UserService.Infrastructure\CodeExample.UserService.Infrastructure.csproj", "{911C0EEE-13EC-4CBF-B6FC-96250EB4E380}"
EndProject
Project("{FAE04EC0-301F-11D3-BF4B-00C04F79EFBC}") = "CodeExample.UserService.Migrator", "src\UserService\CodeExample.UserService.Migrator\CodeExample.UserService.Migrator.csproj", "{1624188B-818D-4C50-8E88-1054FA77ABAD}"
EndProject
Project("{2150E333-8FDC-42A3-9474-1A3956D46DE8}") = "tests", "tests", "{0AB3BF05-4346-4AA6-1389-037BE0695223}"
EndProject
Project("{FAE04EC0-301F-11D3-BF4B-00C04F79EFBC}") = "CodeExample.FinanceService.Tests", "tests\CodeExample.FinanceService.Tests\CodeExample.FinanceService.Tests.csproj", "{F1B9B548-393F-459C-AAE7-5F7591D46FF8}"
EndProject
Project("{FAE04EC0-301F-11D3-BF4B-00C04F79EFBC}") = "CodeExample.UserService.Tests", "tests\CodeExample.UserService.Tests\CodeExample.UserService.Tests.csproj", "{CB5649E2-DDCE-4E5A-A5BB-2A83F1A8DFCC}"
EndProject
Project("{2150E333-8FDC-42A3-9474-1A3956D46DE8}") = "Shared", "Shared", "{3ED352D6-C7DE-4920-B747-1066EB9528CE}"
EndProject
Project("{FAE04EC0-301F-11D3-BF4B-00C04F79EFBC}") = "CodeExample.Shared.Abstractions", "src\Shared\CodeExample.Shared.Abstractions\CodeExample.Shared.Abstractions.csproj", "{3BF7231A-939F-4D1A-9D38-D46FBF7D6E62}"
EndProject
Project("{FAE04EC0-301F-11D3-BF4B-00C04F79EFBC}") = "CodeExample.Shared.Cqrs", "src\Shared\CodeExample.Shared.Cqrs\CodeExample.Shared.Cqrs.csproj", "{006417BD-2D50-446A-A3FE-6DFBAC54D315}"
EndProject
Project("{FAE04EC0-301F-11D3-BF4B-00C04F79EFBC}") = "CodeExample.Shared.Database", "src\Shared\CodeExample.Shared.Database\CodeExample.Shared.Database.csproj", "{243DE257-484F-4712-A395-182FEC135304}"
EndProject
Project("{FAE04EC0-301F-11D3-BF4B-00C04F79EFBC}") = "CodeExample.Shared.HealthChecks", "src\Shared\CodeExample.Shared.HealthChecks\CodeExample.Shared.HealthChecks.csproj", "{CEBFD5A7-19AE-42F7-B272-16333551E86A}"
EndProject
Project("{FAE04EC0-301F-11D3-BF4B-00C04F79EFBC}") = "CodeExample.Shared.Security", "src\Shared\CodeExample.Shared.Security\CodeExample.Shared.Security.csproj", "{CA77AF32-CB05-49B4-A5A7-B0C6827CA194}"
EndProject
Project("{FAE04EC0-301F-11D3-BF4B-00C04F79EFBC}") = "CodeExample.Shared.Web", "src\Shared\CodeExample.Shared.Web\CodeExample.Shared.Web.csproj", "{B5D26855-872C-4B81-8898-593403D66A34}"
EndProject
Project("{FAE04EC0-301F-11D3-BF4B-00C04F79EFBC}") = "CodeExample.CurrencyService.Contracts", "src\CurrencyService\CodeExample.CurrencyService.Contracts\CodeExample.CurrencyService.Contracts.csproj", "{CD94841D-3983-4AEB-88BE-9BC1EADAC0C9}"
EndProject
Project("{FAE04EC0-301F-11D3-BF4B-00C04F79EFBC}") = "CodeExample.CurrencyService.Client", "src\CurrencyService\CodeExample.CurrencyService.Client\CodeExample.CurrencyService.Client.csproj", "{552F59AC-54BC-483A-999E-5D00319973D6}"
EndProject
Project("{FAE04EC0-301F-11D3-BF4B-00C04F79EFBC}") = "CodeExample.UserService.Contracts", "src\UserService\CodeExample.UserService.Contracts\CodeExample.UserService.Contracts.csproj", "{1F31ED14-AC08-4FBA-B305-6702DD59CB96}"
EndProject
Project("{FAE04EC0-301F-11D3-BF4B-00C04F79EFBC}") = "CodeExample.FinanceService.Contracts", "src\FinanceService\CodeExample.FinanceService.Contracts\CodeExample.FinanceService.Contracts.csproj", "{E04AC581-EE81-47F8-B756-C877E2747C0C}"
EndProject
Project("{FAE04EC0-301F-11D3-BF4B-00C04F79EFBC}") = "CodeExample.Shared.Migrations", "src\Shared\CodeExample.Shared.Migrations\CodeExample.Shared.Migrations.csproj", "{A75F64D0-22B7-4A9D-8026-A2F44ABFA33D}"
EndProject
Project("{FAE04EC0-301F-11D3-BF4B-00C04F79EFBC}") = "CodeExample.Shared.Resilience", "src\Shared\CodeExample.Shared.Resilience\CodeExample.Shared.Resilience.csproj", "{3BD8015A-27F9-42FC-985F-CDDF13B1FB53}"
EndProject
Global
	GlobalSection(SolutionConfigurationPlatforms) = preSolution
		Debug|Any CPU = Debug|Any CPU
		Debug|x64 = Debug|x64
		Debug|x86 = Debug|x86
		Release|Any CPU = Release|Any CPU
		Release|x64 = Release|x64
		Release|x86 = Release|x86
	EndGlobalSection
	GlobalSection(ProjectConfigurationPlatforms) = postSolution
		{CB29CF5A-1235-4844-A67D-2930CB8A7AA0}.Debug|Any CPU.ActiveCfg = Debug|Any CPU
		{CB29CF5A-1235-4844-A67D-2930CB8A7AA0}.Debug|Any CPU.Build.0 = Debug|Any CPU
		{CB29CF5A-1235-4844-A67D-2930CB8A7AA0}.Debug|x64.ActiveCfg = Debug|Any CPU
		{CB29CF5A-1235-4844-A67D-2930CB8A7AA0}.Debug|x64.Build.0 = Debug|Any CPU
		{CB29CF5A-1235-4844-A67D-2930CB8A7AA0}.Debug|x86.ActiveCfg = Debug|Any CPU
		{CB29CF5A-1235-4844-A67D-2930CB8A7AA0}.Debug|x86.Build.0 = Debug|Any CPU
		{CB29CF5A-1235-4844-A67D-2930CB8A7AA0}.Release|Any CPU.ActiveCfg = Release|Any CPU
		{CB29CF5A-1235-4844-A67D-2930CB8A7AA0}.Release|Any CPU.Build.0 = Release|Any CPU
		{CB29CF5A-1235-4844-A67D-2930CB8A7AA0}.Release|x64.ActiveCfg = Release|Any CPU
		{CB29CF5A-1235-4844-A67D-2930CB8A7AA0}.Release|x64.Build.0 = Release|Any CPU
		{CB29CF5A-1235-4844-A67D-2930CB8A7AA0}.Release|x86.ActiveCfg = Release|Any CPU
		{CB29CF5A-1235-4844-A67D-2930CB8A7AA0}.Release|x86.Build.0 = Release|Any CPU
		{6E0ACCA6-5C98-4726-A34B-B131DA22D7B1}.Debug|Any CPU.ActiveCfg = Debug|Any CPU
		{6E0ACCA6-5C98-4726-A34B-B131DA22D7B1}.Debug|Any CPU.Build.0 = Debug|Any CPU
		{6E0ACCA6-5C98-4726-A34B-B131DA22D7B1}.Debug|x64.ActiveCfg = Debug|Any CPU
		{6E0ACCA6-5C98-4726-A34B-B131DA22D7B1}.Debug|x64.Build.0 = Debug|Any CPU
		{6E0ACCA6-5C98-4726-A34B-B131DA22D7B1}.Debug|x86.ActiveCfg = Debug|Any CPU
		{6E0ACCA6-5C98-4726-A34B-B131DA22D7B1}.Debug|x86.Build.0 = Debug|Any CPU
		{6E0ACCA6-5C98-4726-A34B-B131DA22D7B1}.Release|Any CPU.ActiveCfg = Release|Any CPU
		{6E0ACCA6-5C98-4726-A34B-B131DA22D7B1}.Release|Any CPU.Build.0 = Release|Any CPU
		{6E0ACCA6-5C98-4726-A34B-B131DA22D7B1}.Release|x64.ActiveCfg = Release|Any CPU
		{6E0ACCA6-5C98-4726-A34B-B131DA22D7B1}.Release|x64.Build.0 = Release|Any CPU
		{6E0ACCA6-5C98-4726-A34B-B131DA22D7B1}.Release|x86.ActiveCfg = Release|Any CPU
		{6E0ACCA6-5C98-4726-A34B-B131DA22D7B1}.Release|x86.Build.0 = Release|Any CPU
		{BF506F59-EA08-47ED-92B2-D932599558E3}.Debug|Any CPU.ActiveCfg = Debug|Any CPU
		{BF506F59-EA08-47ED-92B2-D932599558E3}.Debug|Any CPU.Build.0 = Debug|Any CPU
		{BF506F59-EA08-47ED-92B2-D932599558E3}.Debug|x64.ActiveCfg = Debug|Any CPU
		{BF506F59-EA08-47ED-92B2-D932599558E3}.Debug|x64.Build.0 = Debug|Any CPU
		{BF506F59-EA08-47ED-92B2-D932599558E3}.Debug|x86.ActiveCfg = Debug|Any CPU
		{BF506F59-EA08-47ED-92B2-D932599558E3}.Debug|x86.Build.0 = Debug|Any CPU
		{BF506F59-EA08-47ED-92B2-D932599558E3}.Release|Any CPU.ActiveCfg = Release|Any CPU
		{BF506F59-EA08-47ED-92B2-D932599558E3}.Release|Any CPU.Build.0 = Release|Any CPU
		{BF506F59-EA08-47ED-92B2-D932599558E3}.Release|x64.ActiveCfg = Release|Any CPU
		{BF506F59-EA08-47ED-92B2-D932599558E3}.Release|x64.Build.0 = Release|Any CPU
		{BF506F59-EA08-47ED-92B2-D932599558E3}.Release|x86.ActiveCfg = Release|Any CPU
		{BF506F59-EA08-47ED-92B2-D932599558E3}.Release|x86.Build.0 = Release|Any CPU
		{A66E06F0-6FC1-42FB-A83B-F97F314D6BAC}.Debug|Any CPU.ActiveCfg = Debug|Any CPU
		{A66E06F0-6FC1-42FB-A83B-F97F314D6BAC}.Debug|Any CPU.Build.0 = Debug|Any CPU
		{A66E06F0-6FC1-42FB-A83B-F97F314D6BAC}.Debug|x64.ActiveCfg = Debug|Any CPU
		{A66E06F0-6FC1-42FB-A83B-F97F314D6BAC}.Debug|x64.Build.0 = Debug|Any CPU
		{A66E06F0-6FC1-42FB-A83B-F97F314D6BAC}.Debug|x86.ActiveCfg = Debug|Any CPU
		{A66E06F0-6FC1-42FB-A83B-F97F314D6BAC}.Debug|x86.Build.0 = Debug|Any CPU
		{A66E06F0-6FC1-42FB-A83B-F97F314D6BAC}.Release|Any CPU.ActiveCfg = Release|Any CPU
		{A66E06F0-6FC1-42FB-A83B-F97F314D6BAC}.Release|Any CPU.Build.0 = Release|Any CPU
		{A66E06F0-6FC1-42FB-A83B-F97F314D6BAC}.Release|x64.ActiveCfg = Release|Any CPU
		{A66E06F0-6FC1-42FB-A83B-F97F314D6BAC}.Release|x64.Build.0 = Release|Any CPU
		{A66E06F0-6FC1-42FB-A83B-F97F314D6BAC}.Release|x86.ActiveCfg = Release|Any CPU
		{A66E06F0-6FC1-42FB-A83B-F97F314D6BAC}.Release|x86.Build.0 = Release|Any CPU
		{D754C1DE-CDD1-4215-A04B-61308F5738D9}.Debug|Any CPU.ActiveCfg = Debug|Any CPU
		{D754C1DE-CDD1-4215-A04B-61308F5738D9}.Debug|Any CPU.Build.0 = Debug|Any CPU
		{D754C1DE-CDD1-4215-A04B-61308F5738D9}.Debug|x64.ActiveCfg = Debug|Any CPU
		{D754C1DE-CDD1-4215-A04B-61308F5738D9}.Debug|x64.Build.0 = Debug|Any CPU
		{D754C1DE-CDD1-4215-A04B-61308F5738D9}.Debug|x86.ActiveCfg = Debug|Any CPU
		{D754C1DE-CDD1-4215-A04B-61308F5738D9}.Debug|x86.Build.0 = Debug|Any CPU
		{D754C1DE-CDD1-4215-A04B-61308F5738D9}.Release|Any CPU.ActiveCfg = Release|Any CPU
		{D754C1DE-CDD1-4215-A04B-61308F5738D9}.Release|Any CPU.Build.0 = Release|Any CPU
		{D754C1DE-CDD1-4215-A04B-61308F5738D9}.Release|x64.ActiveCfg = Release|Any CPU
		{D754C1DE-CDD1-4215-A04B-61308F5738D9}.Release|x64.Build.0 = Release|Any CPU
		{D754C1DE-CDD1-4215-A04B-61308F5738D9}.Release|x86.ActiveCfg = Release|Any CPU
		{D754C1DE-CDD1-4215-A04B-61308F5738D9}.Release|x86.Build.0 = Release|Any CPU
		{DA3EA065-BE99-47C7-8A2F-059CDAC6303E}.Debug|Any CPU.ActiveCfg = Debug|Any CPU
		{DA3EA065-BE99-47C7-8A2F-059CDAC6303E}.Debug|Any CPU.Build.0 = Debug|Any CPU
		{DA3EA065-BE99-47C7-8A2F-059CDAC6303E}.Debug|x64.ActiveCfg = Debug|Any CPU
		{DA3EA065-BE99-47C7-8A2F-059CDAC6303E}.Debug|x64.Build.0 = Debug|Any CPU
		{DA3EA065-BE99-47C7-8A2F-059CDAC6303E}.Debug|x86.ActiveCfg = Debug|Any CPU
		{DA3EA065-BE99-47C7-8A2F-059CDAC6303E}.Debug|x86.Build.0 = Debug|Any CPU
		{DA3EA065-BE99-47C7-8A2F-059CDAC6303E}.Release|Any CPU.ActiveCfg = Release|Any CPU
		{DA3EA065-BE99-47C7-8A2F-059CDAC6303E}.Release|Any CPU.Build.0 = Release|Any CPU
		{DA3EA065-BE99-47C7-8A2F-059CDAC6303E}.Release|x64.ActiveCfg = Release|Any CPU
		{DA3EA065-BE99-47C7-8A2F-059CDAC6303E}.Release|x64.Build.0 = Release|Any CPU
		{DA3EA065-BE99-47C7-8A2F-059CDAC6303E}.Release|x86.ActiveCfg = Release|Any CPU
		{DA3EA065-BE99-47C7-8A2F-059CDAC6303E}.Release|x86.Build.0 = Release|Any CPU
		{9A60A117-E731-4ED2-B668-7F3485EC76EE}.Debug|Any CPU.ActiveCfg = Debug|Any CPU
		{9A60A117-E731-4ED2-B668-7F3485EC76EE}.Debug|Any CPU.Build.0 = Debug|Any CPU
		{9A60A117-E731-4ED2-B668-7F3485EC76EE}.Debug|x64.ActiveCfg = Debug|Any CPU
		{9A60A117-E731-4ED2-B668-7F3485EC76EE}.Debug|x64.Build.0 = Debug|Any CPU
		{9A60A117-E731-4ED2-B668-7F3485EC76EE}.Debug|x86.ActiveCfg = Debug|Any CPU
		{9A60A117-E731-4ED2-B668-7F3485EC76EE}.Debug|x86.Build.0 = Debug|Any CPU
		{9A60A117-E731-4ED2-B668-7F3485EC76EE}.Release|Any CPU.ActiveCfg = Release|Any CPU
		{9A60A117-E731-4ED2-B668-7F3485EC76EE}.Release|Any CPU.Build.0 = Release|Any CPU
		{9A60A117-E731-4ED2-B668-7F3485EC76EE}.Release|x64.ActiveCfg = Release|Any CPU
		{9A60A117-E731-4ED2-B668-7F3485EC76EE}.Release|x64.Build.0 = Release|Any CPU
		{9A60A117-E731-4ED2-B668-7F3485EC76EE}.Release|x86.ActiveCfg = Release|Any CPU
		{9A60A117-E731-4ED2-B668-7F3485EC76EE}.Release|x86.Build.0 = Release|Any CPU
		{5E9F3EAE-752A-49A0-AAAB-F93CBF57CC10}.Debug|Any CPU.ActiveCfg = Debug|Any CPU
		{5E9F3EAE-752A-49A0-AAAB-F93CBF57CC10}.Debug|Any CPU.Build.0 = Debug|Any CPU
		{5E9F3EAE-752A-49A0-AAAB-F93CBF57CC10}.Debug|x64.ActiveCfg = Debug|Any CPU
		{5E9F3EAE-752A-49A0-AAAB-F93CBF57CC10}.Debug|x64.Build.0 = Debug|Any CPU
		{5E9F3EAE-752A-49A0-AAAB-F93CBF57CC10}.Debug|x86.ActiveCfg = Debug|Any CPU
		{5E9F3EAE-752A-49A0-AAAB-F93CBF57CC10}.Debug|x86.Build.0 = Debug|Any CPU
		{5E9F3EAE-752A-49A0-AAAB-F93CBF57CC10}.Release|Any CPU.ActiveCfg = Release|Any CPU
		{5E9F3EAE-752A-49A0-AAAB-F93CBF57CC10}.Release|Any CPU.Build.0 = Release|Any CPU
		{5E9F3EAE-752A-49A0-AAAB-F93CBF57CC10}.Release|x64.ActiveCfg = Release|Any CPU
		{5E9F3EAE-752A-49A0-AAAB-F93CBF57CC10}.Release|x64.Build.0 = Release|Any CPU
		{5E9F3EAE-752A-49A0-AAAB-F93CBF57CC10}.Release|x86.ActiveCfg = Release|Any CPU
		{5E9F3EAE-752A-49A0-AAAB-F93CBF57CC10}.Release|x86.Build.0 = Release|Any CPU
		{A1E5725A-A870-49E6-AB10-CAD7C42CB858}.Debug|Any CPU.ActiveCfg = Debug|Any CPU
		{A1E5725A-A870-49E6-AB10-CAD7C42CB858}.Debug|Any CPU.Build.0 = Debug|Any CPU
		{A1E5725A-A870-49E6-AB10-CAD7C42CB858}.Debug|x64.ActiveCfg = Debug|Any CPU
		{A1E5725A-A870-49E6-AB10-CAD7C42CB858}.Debug|x64.Build.0 = Debug|Any CPU
		{A1E5725A-A870-49E6-AB10-CAD7C42CB858}.Debug|x86.ActiveCfg = Debug|Any CPU
		{A1E5725A-A870-49E6-AB10-CAD7C42CB858}.Debug|x86.Build.0 = Debug|Any CPU
		{A1E5725A-A870-49E6-AB10-CAD7C42CB858}.Release|Any CPU.ActiveCfg = Release|Any CPU
		{A1E5725A-A870-49E6-AB10-CAD7C42CB858}.Release|Any CPU.Build.0 = Release|Any CPU
		{A1E5725A-A870-49E6-AB10-CAD7C42CB858}.Release|x64.ActiveCfg = Release|Any CPU
		{A1E5725A-A870-49E6-AB10-CAD7C42CB858}.Release|x64.Build.0 = Release|Any CPU
		{A1E5725A-A870-49E6-AB10-CAD7C42CB858}.Release|x86.ActiveCfg = Release|Any CPU
		{A1E5725A-A870-49E6-AB10-CAD7C42CB858}.Release|x86.Build.0 = Release|Any CPU
		{F56AEDBE-42E1-40BC-A71C-4AAE2D8FE4CC}.Debug|Any CPU.ActiveCfg = Debug|Any CPU
		{F56AEDBE-42E1-40BC-A71C-4AAE2D8FE4CC}.Debug|Any CPU.Build.0 = Debug|Any CPU
		{F56AEDBE-42E1-40BC-A71C-4AAE2D8FE4CC}.Debug|x64.ActiveCfg = Debug|Any CPU
		{F56AEDBE-42E1-40BC-A71C-4AAE2D8FE4CC}.Debug|x64.Build.0 = Debug|Any CPU
		{F56AEDBE-42E1-40BC-A71C-4AAE2D8FE4CC}.Debug|x86.ActiveCfg = Debug|Any CPU
		{F56AEDBE-42E1-40BC-A71C-4AAE2D8FE4CC}.Debug|x86.Build.0 = Debug|Any CPU
		{F56AEDBE-42E1-40BC-A71C-4AAE2D8FE4CC}.Release|Any CPU.ActiveCfg = Release|Any CPU
		{F56AEDBE-42E1-40BC-A71C-4AAE2D8FE4CC}.Release|Any CPU.Build.0 = Release|Any CPU
		{F56AEDBE-42E1-40BC-A71C-4AAE2D8FE4CC}.Release|x64.ActiveCfg = Release|Any CPU
		{F56AEDBE-42E1-40BC-A71C-4AAE2D8FE4CC}.Release|x64.Build.0 = Release|Any CPU
		{F56AEDBE-42E1-40BC-A71C-4AAE2D8FE4CC}.Release|x86.ActiveCfg = Release|Any CPU
		{F56AEDBE-42E1-40BC-A71C-4AAE2D8FE4CC}.Release|x86.Build.0 = Release|Any CPU
		{5582917B-ADC6-4270-8D6B-70727812EF5E}.Debug|Any CPU.ActiveCfg = Debug|Any CPU
		{5582917B-ADC6-4270-8D6B-70727812EF5E}.Debug|Any CPU.Build.0 = Debug|Any CPU
		{5582917B-ADC6-4270-8D6B-70727812EF5E}.Debug|x64.ActiveCfg = Debug|Any CPU
		{5582917B-ADC6-4270-8D6B-70727812EF5E}.Debug|x64.Build.0 = Debug|Any CPU
		{5582917B-ADC6-4270-8D6B-70727812EF5E}.Debug|x86.ActiveCfg = Debug|Any CPU
		{5582917B-ADC6-4270-8D6B-70727812EF5E}.Debug|x86.Build.0 = Debug|Any CPU
		{5582917B-ADC6-4270-8D6B-70727812EF5E}.Release|Any CPU.ActiveCfg = Release|Any CPU
		{5582917B-ADC6-4270-8D6B-70727812EF5E}.Release|Any CPU.Build.0 = Release|Any CPU
		{5582917B-ADC6-4270-8D6B-70727812EF5E}.Release|x64.ActiveCfg = Release|Any CPU
		{5582917B-ADC6-4270-8D6B-70727812EF5E}.Release|x64.Build.0 = Release|Any CPU
		{5582917B-ADC6-4270-8D6B-70727812EF5E}.Release|x86.ActiveCfg = Release|Any CPU
		{5582917B-ADC6-4270-8D6B-70727812EF5E}.Release|x86.Build.0 = Release|Any CPU
		{492CE35D-8693-401A-AA7A-053FBADC41C0}.Debug|Any CPU.ActiveCfg = Debug|Any CPU
		{492CE35D-8693-401A-AA7A-053FBADC41C0}.Debug|Any CPU.Build.0 = Debug|Any CPU
		{492CE35D-8693-401A-AA7A-053FBADC41C0}.Debug|x64.ActiveCfg = Debug|Any CPU
		{492CE35D-8693-401A-AA7A-053FBADC41C0}.Debug|x64.Build.0 = Debug|Any CPU
		{492CE35D-8693-401A-AA7A-053FBADC41C0}.Debug|x86.ActiveCfg = Debug|Any CPU
		{492CE35D-8693-401A-AA7A-053FBADC41C0}.Debug|x86.Build.0 = Debug|Any CPU
		{492CE35D-8693-401A-AA7A-053FBADC41C0}.Release|Any CPU.ActiveCfg = Release|Any CPU
		{492CE35D-8693-401A-AA7A-053FBADC41C0}.Release|Any CPU.Build.0 = Release|Any CPU
		{492CE35D-8693-401A-AA7A-053FBADC41C0}.Release|x64.ActiveCfg = Release|Any CPU
		{492CE35D-8693-401A-AA7A-053FBADC41C0}.Release|x64.Build.0 = Release|Any CPU
		{492CE35D-8693-401A-AA7A-053FBADC41C0}.Release|x86.ActiveCfg = Release|Any CPU
		{492CE35D-8693-401A-AA7A-053FBADC41C0}.Release|x86.Build.0 = Release|Any CPU
		{955E4629-C6BB-48E8-85B4-2704BEBA554F}.Debug|Any CPU.ActiveCfg = Debug|Any CPU
		{955E4629-C6BB-48E8-85B4-2704BEBA554F}.Debug|Any CPU.Build.0 = Debug|Any CPU
		{955E4629-C6BB-48E8-85B4-2704BEBA554F}.Debug|x64.ActiveCfg = Debug|Any CPU
		{955E4629-C6BB-48E8-85B4-2704BEBA554F}.Debug|x64.Build.0 = Debug|Any CPU
		{955E4629-C6BB-48E8-85B4-2704BEBA554F}.Debug|x86.ActiveCfg = Debug|Any CPU
		{955E4629-C6BB-48E8-85B4-2704BEBA554F}.Debug|x86.Build.0 = Debug|Any CPU
		{955E4629-C6BB-48E8-85B4-2704BEBA554F}.Release|Any CPU.ActiveCfg = Release|Any CPU
		{955E4629-C6BB-48E8-85B4-2704BEBA554F}.Release|Any CPU.Build.0 = Release|Any CPU
		{955E4629-C6BB-48E8-85B4-2704BEBA554F}.Release|x64.ActiveCfg = Release|Any CPU
		{955E4629-C6BB-48E8-85B4-2704BEBA554F}.Release|x64.Build.0 = Release|Any CPU
		{955E4629-C6BB-48E8-85B4-2704BEBA554F}.Release|x86.ActiveCfg = Release|Any CPU
		{955E4629-C6BB-48E8-85B4-2704BEBA554F}.Release|x86.Build.0 = Release|Any CPU
		{7D3F8FCF-D22C-4051-8001-F76BDF188B86}.Debug|Any CPU.ActiveCfg = Debug|Any CPU
		{7D3F8FCF-D22C-4051-8001-F76BDF188B86}.Debug|Any CPU.Build.0 = Debug|Any CPU
		{7D3F8FCF-D22C-4051-8001-F76BDF188B86}.Debug|x64.ActiveCfg = Debug|Any CPU
		{7D3F8FCF-D22C-4051-8001-F76BDF188B86}.Debug|x64.Build.0 = Debug|Any CPU
		{7D3F8FCF-D22C-4051-8001-F76BDF188B86}.Debug|x86.ActiveCfg = Debug|Any CPU
		{7D3F8FCF-D22C-4051-8001-F76BDF188B86}.Debug|x86.Build.0 = Debug|Any CPU
		{7D3F8FCF-D22C-4051-8001-F76BDF188B86}.Release|Any CPU.ActiveCfg = Release|Any CPU
		{7D3F8FCF-D22C-4051-8001-F76BDF188B86}.Release|Any CPU.Build.0 = Release|Any CPU
		{7D3F8FCF-D22C-4051-8001-F76BDF188B86}.Release|x64.ActiveCfg = Release|Any CPU
		{7D3F8FCF-D22C-4051-8001-F76BDF188B86}.Release|x64.Build.0 = Release|Any CPU
		{7D3F8FCF-D22C-4051-8001-F76BDF188B86}.Release|x86.ActiveCfg = Release|Any CPU
		{7D3F8FCF-D22C-4051-8001-F76BDF188B86}.Release|x86.Build.0 = Release|Any CPU
		{911C0EEE-13EC-4CBF-B6FC-96250EB4E380}.Debug|Any CPU.ActiveCfg = Debug|Any CPU
		{911C0EEE-13EC-4CBF-B6FC-96250EB4E380}.Debug|Any CPU.Build.0 = Debug|Any CPU
		{911C0EEE-13EC-4CBF-B6FC-96250EB4E380}.Debug|x64.ActiveCfg = Debug|Any CPU
		{911C0EEE-13EC-4CBF-B6FC-96250EB4E380}.Debug|x64.Build.0 = Debug|Any CPU
		{911C0EEE-13EC-4CBF-B6FC-96250EB4E380}.Debug|x86.ActiveCfg = Debug|Any CPU
		{911C0EEE-13EC-4CBF-B6FC-96250EB4E380}.Debug|x86.Build.0 = Debug|Any CPU
		{911C0EEE-13EC-4CBF-B6FC-96250EB4E380}.Release|Any CPU.ActiveCfg = Release|Any CPU
		{911C0EEE-13EC-4CBF-B6FC-96250EB4E380}.Release|Any CPU.Build.0 = Release|Any CPU
		{911C0EEE-13EC-4CBF-B6FC-96250EB4E380}.Release|x64.ActiveCfg = Release|Any CPU
		{911C0EEE-13EC-4CBF-B6FC-96250EB4E380}.Release|x64.Build.0 = Release|Any CPU
		{911C0EEE-13EC-4CBF-B6FC-96250EB4E380}.Release|x86.ActiveCfg = Release|Any CPU
		{911C0EEE-13EC-4CBF-B6FC-96250EB4E380}.Release|x86.Build.0 = Release|Any CPU
		{1624188B-818D-4C50-8E88-1054FA77ABAD}.Debug|Any CPU.ActiveCfg = Debug|Any CPU
		{1624188B-818D-4C50-8E88-1054FA77ABAD}.Debug|Any CPU.Build.0 = Debug|Any CPU
		{1624188B-818D-4C50-8E88-1054FA77ABAD}.Debug|x64.ActiveCfg = Debug|Any CPU
		{1624188B-818D-4C50-8E88-1054FA77ABAD}.Debug|x64.Build.0 = Debug|Any CPU
		{1624188B-818D-4C50-8E88-1054FA77ABAD}.Debug|x86.ActiveCfg = Debug|Any CPU
		{1624188B-818D-4C50-8E88-1054FA77ABAD}.Debug|x86.Build.0 = Debug|Any CPU
		{1624188B-818D-4C50-8E88-1054FA77ABAD}.Release|Any CPU.ActiveCfg = Release|Any CPU
		{1624188B-818D-4C50-8E88-1054FA77ABAD}.Release|Any CPU.Build.0 = Release|Any CPU
		{1624188B-818D-4C50-8E88-1054FA77ABAD}.Release|x64.ActiveCfg = Release|Any CPU
		{1624188B-818D-4C50-8E88-1054FA77ABAD}.Release|x64.Build.0 = Release|Any CPU
		{1624188B-818D-4C50-8E88-1054FA77ABAD}.Release|x86.ActiveCfg = Release|Any CPU
		{1624188B-818D-4C50-8E88-1054FA77ABAD}.Release|x86.Build.0 = Release|Any CPU
		{F1B9B548-393F-459C-AAE7-5F7591D46FF8}.Debug|Any CPU.ActiveCfg = Debug|Any CPU
		{F1B9B548-393F-459C-AAE7-5F7591D46FF8}.Debug|Any CPU.Build.0 = Debug|Any CPU
		{F1B9B548-393F-459C-AAE7-5F7591D46FF8}.Debug|x64.ActiveCfg = Debug|Any CPU
		{F1B9B548-393F-459C-AAE7-5F7591D46FF8}.Debug|x64.Build.0 = Debug|Any CPU
		{F1B9B548-393F-459C-AAE7-5F7591D46FF8}.Debug|x86.ActiveCfg = Debug|Any CPU
		{F1B9B548-393F-459C-AAE7-5F7591D46FF8}.Debug|x86.Build.0 = Debug|Any CPU
		{F1B9B548-393F-459C-AAE7-5F7591D46FF8}.Release|Any CPU.ActiveCfg = Release|Any CPU
		{F1B9B548-393F-459C-AAE7-5F7591D46FF8}.Release|Any CPU.Build.0 = Release|Any CPU
		{F1B9B548-393F-459C-AAE7-5F7591D46FF8}.Release|x64.ActiveCfg = Release|Any CPU
		{F1B9B548-393F-459C-AAE7-5F7591D46FF8}.Release|x64.Build.0 = Release|Any CPU
		{F1B9B548-393F-459C-AAE7-5F7591D46FF8}.Release|x86.ActiveCfg = Release|Any CPU
		{F1B9B548-393F-459C-AAE7-5F7591D46FF8}.Release|x86.Build.0 = Release|Any CPU
		{CB5649E2-DDCE-4E5A-A5BB-2A83F1A8DFCC}.Debug|Any CPU.ActiveCfg = Debug|Any CPU
		{CB5649E2-DDCE-4E5A-A5BB-2A83F1A8DFCC}.Debug|Any CPU.Build.0 = Debug|Any CPU
		{CB5649E2-DDCE-4E5A-A5BB-2A83F1A8DFCC}.Debug|x64.ActiveCfg = Debug|Any CPU
		{CB5649E2-DDCE-4E5A-A5BB-2A83F1A8DFCC}.Debug|x64.Build.0 = Debug|Any CPU
		{CB5649E2-DDCE-4E5A-A5BB-2A83F1A8DFCC}.Debug|x86.ActiveCfg = Debug|Any CPU
		{CB5649E2-DDCE-4E5A-A5BB-2A83F1A8DFCC}.Debug|x86.Build.0 = Debug|Any CPU
		{CB5649E2-DDCE-4E5A-A5BB-2A83F1A8DFCC}.Release|Any CPU.ActiveCfg = Release|Any CPU
		{CB5649E2-DDCE-4E5A-A5BB-2A83F1A8DFCC}.Release|Any CPU.Build.0 = Release|Any CPU
		{CB5649E2-DDCE-4E5A-A5BB-2A83F1A8DFCC}.Release|x64.ActiveCfg = Release|Any CPU
		{CB5649E2-DDCE-4E5A-A5BB-2A83F1A8DFCC}.Release|x64.Build.0 = Release|Any CPU
		{CB5649E2-DDCE-4E5A-A5BB-2A83F1A8DFCC}.Release|x86.ActiveCfg = Release|Any CPU
		{CB5649E2-DDCE-4E5A-A5BB-2A83F1A8DFCC}.Release|x86.Build.0 = Release|Any CPU
		{3BF7231A-939F-4D1A-9D38-D46FBF7D6E62}.Debug|Any CPU.ActiveCfg = Debug|Any CPU
		{3BF7231A-939F-4D1A-9D38-D46FBF7D6E62}.Debug|Any CPU.Build.0 = Debug|Any CPU
		{3BF7231A-939F-4D1A-9D38-D46FBF7D6E62}.Debug|x64.ActiveCfg = Debug|Any CPU
		{3BF7231A-939F-4D1A-9D38-D46FBF7D6E62}.Debug|x64.Build.0 = Debug|Any CPU
		{3BF7231A-939F-4D1A-9D38-D46FBF7D6E62}.Debug|x86.ActiveCfg = Debug|Any CPU
		{3BF7231A-939F-4D1A-9D38-D46FBF7D6E62}.Debug|x86.Build.0 = Debug|Any CPU
		{3BF7231A-939F-4D1A-9D38-D46FBF7D6E62}.Release|Any CPU.ActiveCfg = Release|Any CPU
		{3BF7231A-939F-4D1A-9D38-D46FBF7D6E62}.Release|Any CPU.Build.0 = Release|Any CPU
		{3BF7231A-939F-4D1A-9D38-D46FBF7D6E62}.Release|x64.ActiveCfg = Release|Any CPU
		{3BF7231A-939F-4D1A-9D38-D46FBF7D6E62}.Release|x64.Build.0 = Release|Any CPU
		{3BF7231A-939F-4D1A-9D38-D46FBF7D6E62}.Release|x86.ActiveCfg = Release|Any CPU
		{3BF7231A-939F-4D1A-9D38-D46FBF7D6E62}.Release|x86.Build.0 = Release|Any CPU
		{006417BD-2D50-446A-A3FE-6DFBAC54D315}.Debug|Any CPU.ActiveCfg = Debug|Any CPU
		{006417BD-2D50-446A-A3FE-6DFBAC54D315}.Debug|Any CPU.Build.0 = Debug|Any CPU
		{006417BD-2D50-446A-A3FE-6DFBAC54D315}.Debug|x64.ActiveCfg = Debug|Any CPU
		{006417BD-2D50-446A-A3FE-6DFBAC54D315}.Debug|x64.Build.0 = Debug|Any CPU
		{006417BD-2D50-446A-A3FE-6DFBAC54D315}.Debug|x86.ActiveCfg = Debug|Any CPU
		{006417BD-2D50-446A-A3FE-6DFBAC54D315}.Debug|x86.Build.0 = Debug|Any CPU
		{006417BD-2D50-446A-A3FE-6DFBAC54D315}.Release|Any CPU.ActiveCfg = Release|Any CPU
		{006417BD-2D50-446A-A3FE-6DFBAC54D315}.Release|Any CPU.Build.0 = Release|Any CPU
		{006417BD-2D50-446A-A3FE-6DFBAC54D315}.Release|x64.ActiveCfg = Release|Any CPU
		{006417BD-2D50-446A-A3FE-6DFBAC54D315}.Release|x64.Build.0 = Release|Any CPU
		{006417BD-2D50-446A-A3FE-6DFBAC54D315}.Release|x86.ActiveCfg = Release|Any CPU
		{006417BD-2D50-446A-A3FE-6DFBAC54D315}.Release|x86.Build.0 = Release|Any CPU
		{243DE257-484F-4712-A395-182FEC135304}.Debug|Any CPU.ActiveCfg = Debug|Any CPU
		{243DE257-484F-4712-A395-182FEC135304}.Debug|Any CPU.Build.0 = Debug|Any CPU
		{243DE257-484F-4712-A395-182FEC135304}.Debug|x64.ActiveCfg = Debug|Any CPU
		{243DE257-484F-4712-A395-182FEC135304}.Debug|x64.Build.0 = Debug|Any CPU
		{243DE257-484F-4712-A395-182FEC135304}.Debug|x86.ActiveCfg = Debug|Any CPU
		{243DE257-484F-4712-A395-182FEC135304}.Debug|x86.Build.0 = Debug|Any CPU
		{243DE257-484F-4712-A395-182FEC135304}.Release|Any CPU.ActiveCfg = Release|Any CPU
		{243DE257-484F-4712-A395-182FEC135304}.Release|Any CPU.Build.0 = Release|Any CPU
		{243DE257-484F-4712-A395-182FEC135304}.Release|x64.ActiveCfg = Release|Any CPU
		{243DE257-484F-4712-A395-182FEC135304}.Release|x64.Build.0 = Release|Any CPU
		{243DE257-484F-4712-A395-182FEC135304}.Release|x86.ActiveCfg = Release|Any CPU
		{243DE257-484F-4712-A395-182FEC135304}.Release|x86.Build.0 = Release|Any CPU
		{CEBFD5A7-19AE-42F7-B272-16333551E86A}.Debug|Any CPU.ActiveCfg = Debug|Any CPU
		{CEBFD5A7-19AE-42F7-B272-16333551E86A}.Debug|Any CPU.Build.0 = Debug|Any CPU
		{CEBFD5A7-19AE-42F7-B272-16333551E86A}.Debug|x64.ActiveCfg = Debug|Any CPU
		{CEBFD5A7-19AE-42F7-B272-16333551E86A}.Debug|x64.Build.0 = Debug|Any CPU
		{CEBFD5A7-19AE-42F7-B272-16333551E86A}.Debug|x86.ActiveCfg = Debug|Any CPU
		{CEBFD5A7-19AE-42F7-B272-16333551E86A}.Debug|x86.Build.0 = Debug|Any CPU
		{CEBFD5A7-19AE-42F7-B272-16333551E86A}.Release|Any CPU.ActiveCfg = Release|Any CPU
		{CEBFD5A7-19AE-42F7-B272-16333551E86A}.Release|Any CPU.Build.0 = Release|Any CPU
		{CEBFD5A7-19AE-42F7-B272-16333551E86A}.Release|x64.ActiveCfg = Release|Any CPU
		{CEBFD5A7-19AE-42F7-B272-16333551E86A}.Release|x64.Build.0 = Release|Any CPU
		{CEBFD5A7-19AE-42F7-B272-16333551E86A}.Release|x86.ActiveCfg = Release|Any CPU
		{CEBFD5A7-19AE-42F7-B272-16333551E86A}.Release|x86.Build.0 = Release|Any CPU
		{CA77AF32-CB05-49B4-A5A7-B0C6827CA194}.Debug|Any CPU.ActiveCfg = Debug|Any CPU
		{CA77AF32-CB05-49B4-A5A7-B0C6827CA194}.Debug|Any CPU.Build.0 = Debug|Any CPU
		{CA77AF32-CB05-49B4-A5A7-B0C6827CA194}.Debug|x64.ActiveCfg = Debug|Any CPU
		{CA77AF32-CB05-49B4-A5A7-B0C6827CA194}.Debug|x64.Build.0 = Debug|Any CPU
		{CA77AF32-CB05-49B4-A5A7-B0C6827CA194}.Debug|x86.ActiveCfg = Debug|Any CPU
		{CA77AF32-CB05-49B4-A5A7-B0C6827CA194}.Debug|x86.Build.0 = Debug|Any CPU
		{CA77AF32-CB05-49B4-A5A7-B0C6827CA194}.Release|Any CPU.ActiveCfg = Release|Any CPU
		{CA77AF32-CB05-49B4-A5A7-B0C6827CA194}.Release|Any CPU.Build.0 = Release|Any CPU
		{CA77AF32-CB05-49B4-A5A7-B0C6827CA194}.Release|x64.ActiveCfg = Release|Any CPU
		{CA77AF32-CB05-49B4-A5A7-B0C6827CA194}.Release|x64.Build.0 = Release|Any CPU
		{CA77AF32-CB05-49B4-A5A7-B0C6827CA194}.Release|x86.ActiveCfg = Release|Any CPU
		{CA77AF32-CB05-49B4-A5A7-B0C6827CA194}.Release|x86.Build.0 = Release|Any CPU
		{B5D26855-872C-4B81-8898-593403D66A34}.Debug|Any CPU.ActiveCfg = Debug|Any CPU
		{B5D26855-872C-4B81-8898-593403D66A34}.Debug|Any CPU.Build.0 = Debug|Any CPU
		{B5D26855-872C-4B81-8898-593403D66A34}.Debug|x64.ActiveCfg = Debug|Any CPU
		{B5D26855-872C-4B81-8898-593403D66A34}.Debug|x64.Build.0 = Debug|Any CPU
		{B5D26855-872C-4B81-8898-593403D66A34}.Debug|x86.ActiveCfg = Debug|Any CPU
		{B5D26855-872C-4B81-8898-593403D66A34}.Debug|x86.Build.0 = Debug|Any CPU
		{B5D26855-872C-4B81-8898-593403D66A34}.Release|Any CPU.ActiveCfg = Release|Any CPU
		{B5D26855-872C-4B81-8898-593403D66A34}.Release|Any CPU.Build.0 = Release|Any CPU
		{B5D26855-872C-4B81-8898-593403D66A34}.Release|x64.ActiveCfg = Release|Any CPU
		{B5D26855-872C-4B81-8898-593403D66A34}.Release|x64.Build.0 = Release|Any CPU
		{B5D26855-872C-4B81-8898-593403D66A34}.Release|x86.ActiveCfg = Release|Any CPU
		{B5D26855-872C-4B81-8898-593403D66A34}.Release|x86.Build.0 = Release|Any CPU
		{CD94841D-3983-4AEB-88BE-9BC1EADAC0C9}.Debug|Any CPU.ActiveCfg = Debug|Any CPU
		{CD94841D-3983-4AEB-88BE-9BC1EADAC0C9}.Debug|Any CPU.Build.0 = Debug|Any CPU
		{CD94841D-3983-4AEB-88BE-9BC1EADAC0C9}.Debug|x64.ActiveCfg = Debug|Any CPU
		{CD94841D-3983-4AEB-88BE-9BC1EADAC0C9}.Debug|x64.Build.0 = Debug|Any CPU
		{CD94841D-3983-4AEB-88BE-9BC1EADAC0C9}.Debug|x86.ActiveCfg = Debug|Any CPU
		{CD94841D-3983-4AEB-88BE-9BC1EADAC0C9}.Debug|x86.Build.0 = Debug|Any CPU
		{CD94841D-3983-4AEB-88BE-9BC1EADAC0C9}.Release|Any CPU.ActiveCfg = Release|Any CPU
		{CD94841D-3983-4AEB-88BE-9BC1EADAC0C9}.Release|Any CPU.Build.0 = Release|Any CPU
		{CD94841D-3983-4AEB-88BE-9BC1EADAC0C9}.Release|x64.ActiveCfg = Release|Any CPU
		{CD94841D-3983-4AEB-88BE-9BC1EADAC0C9}.Release|x64.Build.0 = Release|Any CPU
		{CD94841D-3983-4AEB-88BE-9BC1EADAC0C9}.Release|x86.ActiveCfg = Release|Any CPU
		{CD94841D-3983-4AEB-88BE-9BC1EADAC0C9}.Release|x86.Build.0 = Release|Any CPU
		{552F59AC-54BC-483A-999E-5D00319973D6}.Debug|Any CPU.ActiveCfg = Debug|Any CPU
		{552F59AC-54BC-483A-999E-5D00319973D6}.Debug|Any CPU.Build.0 = Debug|Any CPU
		{552F59AC-54BC-483A-999E-5D00319973D6}.Debug|x64.ActiveCfg = Debug|Any CPU
		{552F59AC-54BC-483A-999E-5D00319973D6}.Debug|x64.Build.0 = Debug|Any CPU
		{552F59AC-54BC-483A-999E-5D00319973D6}.Debug|x86.ActiveCfg = Debug|Any CPU
		{552F59AC-54BC-483A-999E-5D00319973D6}.Debug|x86.Build.0 = Debug|Any CPU
		{552F59AC-54BC-483A-999E-5D00319973D6}.Release|Any CPU.ActiveCfg = Release|Any CPU
		{552F59AC-54BC-483A-999E-5D00319973D6}.Release|Any CPU.Build.0 = Release|Any CPU
		{552F59AC-54BC-483A-999E-5D00319973D6}.Release|x64.ActiveCfg = Release|Any CPU
		{552F59AC-54BC-483A-999E-5D00319973D6}.Release|x64.Build.0 = Release|Any CPU
		{552F59AC-54BC-483A-999E-5D00319973D6}.Release|x86.ActiveCfg = Release|Any CPU
		{552F59AC-54BC-483A-999E-5D00319973D6}.Release|x86.Build.0 = Release|Any CPU
		{1F31ED14-AC08-4FBA-B305-6702DD59CB96}.Debug|Any CPU.ActiveCfg = Debug|Any CPU
		{1F31ED14-AC08-4FBA-B305-6702DD59CB96}.Debug|Any CPU.Build.0 = Debug|Any CPU
		{1F31ED14-AC08-4FBA-B305-6702DD59CB96}.Debug|x64.ActiveCfg = Debug|Any CPU
		{1F31ED14-AC08-4FBA-B305-6702DD59CB96}.Debug|x64.Build.0 = Debug|Any CPU
		{1F31ED14-AC08-4FBA-B305-6702DD59CB96}.Debug|x86.ActiveCfg = Debug|Any CPU
		{1F31ED14-AC08-4FBA-B305-6702DD59CB96}.Debug|x86.Build.0 = Debug|Any CPU
		{1F31ED14-AC08-4FBA-B305-6702DD59CB96}.Release|Any CPU.ActiveCfg = Release|Any CPU
		{1F31ED14-AC08-4FBA-B305-6702DD59CB96}.Release|Any CPU.Build.0 = Release|Any CPU
		{1F31ED14-AC08-4FBA-B305-6702DD59CB96}.Release|x64.ActiveCfg = Release|Any CPU
		{1F31ED14-AC08-4FBA-B305-6702DD59CB96}.Release|x64.Build.0 = Release|Any CPU
		{1F31ED14-AC08-4FBA-B305-6702DD59CB96}.Release|x86.ActiveCfg = Release|Any CPU
		{1F31ED14-AC08-4FBA-B305-6702DD59CB96}.Release|x86.Build.0 = Release|Any CPU
		{E04AC581-EE81-47F8-B756-C877E2747C0C}.Debug|Any CPU.ActiveCfg = Debug|Any CPU
		{E04AC581-EE81-47F8-B756-C877E2747C0C}.Debug|Any CPU.Build.0 = Debug|Any CPU
		{E04AC581-EE81-47F8-B756-C877E2747C0C}.Debug|x64.ActiveCfg = Debug|Any CPU
		{E04AC581-EE81-47F8-B756-C877E2747C0C}.Debug|x64.Build.0 = Debug|Any CPU
		{E04AC581-EE81-47F8-B756-C877E2747C0C}.Debug|x86.ActiveCfg = Debug|Any CPU
		{E04AC581-EE81-47F8-B756-C877E2747C0C}.Debug|x86.Build.0 = Debug|Any CPU
		{E04AC581-EE81-47F8-B756-C877E2747C0C}.Release|Any CPU.ActiveCfg = Release|Any CPU
		{E04AC581-EE81-47F8-B756-C877E2747C0C}.Release|Any CPU.Build.0 = Release|Any CPU
		{E04AC581-EE81-47F8-B756-C877E2747C0C}.Release|x64.ActiveCfg = Release|Any CPU
		{E04AC581-EE81-47F8-B756-C877E2747C0C}.Release|x64.Build.0 = Release|Any CPU
		{E04AC581-EE81-47F8-B756-C877E2747C0C}.Release|x86.ActiveCfg = Release|Any CPU
		{E04AC581-EE81-47F8-B756-C877E2747C0C}.Release|x86.Build.0 = Release|Any CPU
		{A75F64D0-22B7-4A9D-8026-A2F44ABFA33D}.Debug|Any CPU.ActiveCfg = Debug|Any CPU
		{A75F64D0-22B7-4A9D-8026-A2F44ABFA33D}.Debug|Any CPU.Build.0 = Debug|Any CPU
		{A75F64D0-22B7-4A9D-8026-A2F44ABFA33D}.Debug|x64.ActiveCfg = Debug|Any CPU
		{A75F64D0-22B7-4A9D-8026-A2F44ABFA33D}.Debug|x64.Build.0 = Debug|Any CPU
		{A75F64D0-22B7-4A9D-8026-A2F44ABFA33D}.Debug|x86.ActiveCfg = Debug|Any CPU
		{A75F64D0-22B7-4A9D-8026-A2F44ABFA33D}.Debug|x86.Build.0 = Debug|Any CPU
		{A75F64D0-22B7-4A9D-8026-A2F44ABFA33D}.Release|Any CPU.ActiveCfg = Release|Any CPU
		{A75F64D0-22B7-4A9D-8026-A2F44ABFA33D}.Release|Any CPU.Build.0 = Release|Any CPU
		{A75F64D0-22B7-4A9D-8026-A2F44ABFA33D}.Release|x64.ActiveCfg = Release|Any CPU
		{A75F64D0-22B7-4A9D-8026-A2F44ABFA33D}.Release|x64.Build.0 = Release|Any CPU
		{A75F64D0-22B7-4A9D-8026-A2F44ABFA33D}.Release|x86.ActiveCfg = Release|Any CPU
		{A75F64D0-22B7-4A9D-8026-A2F44ABFA33D}.Release|x86.Build.0 = Release|Any CPU
		{3BD8015A-27F9-42FC-985F-CDDF13B1FB53}.Debug|Any CPU.ActiveCfg = Debug|Any CPU
		{3BD8015A-27F9-42FC-985F-CDDF13B1FB53}.Debug|Any CPU.Build.0 = Debug|Any CPU
		{3BD8015A-27F9-42FC-985F-CDDF13B1FB53}.Debug|x64.ActiveCfg = Debug|Any CPU
		{3BD8015A-27F9-42FC-985F-CDDF13B1FB53}.Debug|x64.Build.0 = Debug|Any CPU
		{3BD8015A-27F9-42FC-985F-CDDF13B1FB53}.Debug|x86.ActiveCfg = Debug|Any CPU
		{3BD8015A-27F9-42FC-985F-CDDF13B1FB53}.Debug|x86.Build.0 = Debug|Any CPU
		{3BD8015A-27F9-42FC-985F-CDDF13B1FB53}.Release|Any CPU.ActiveCfg = Release|Any CPU
		{3BD8015A-27F9-42FC-985F-CDDF13B1FB53}.Release|Any CPU.Build.0 = Release|Any CPU
		{3BD8015A-27F9-42FC-985F-CDDF13B1FB53}.Release|x64.ActiveCfg = Release|Any CPU
		{3BD8015A-27F9-42FC-985F-CDDF13B1FB53}.Release|x64.Build.0 = Release|Any CPU
		{3BD8015A-27F9-42FC-985F-CDDF13B1FB53}.Release|x86.ActiveCfg = Release|Any CPU
		{3BD8015A-27F9-42FC-985F-CDDF13B1FB53}.Release|x86.Build.0 = Release|Any CPU
	EndGlobalSection
	GlobalSection(SolutionProperties) = preSolution
		HideSolutionNode = FALSE
	EndGlobalSection
	GlobalSection(NestedProjects) = preSolution
		{2031EC71-5F1F-DAB0-665B-E333F67E483E} = {827E0CD3-B72D-47B6-A68D-7590B98EB39B}
		{CB29CF5A-1235-4844-A67D-2930CB8A7AA0} = {2031EC71-5F1F-DAB0-665B-E333F67E483E}
		{6E0ACCA6-5C98-4726-A34B-B131DA22D7B1} = {2031EC71-5F1F-DAB0-665B-E333F67E483E}
		{BF506F59-EA08-47ED-92B2-D932599558E3} = {2031EC71-5F1F-DAB0-665B-E333F67E483E}
		{A66E06F0-6FC1-42FB-A83B-F97F314D6BAC} = {2031EC71-5F1F-DAB0-665B-E333F67E483E}
		{D754C1DE-CDD1-4215-A04B-61308F5738D9} = {2031EC71-5F1F-DAB0-665B-E333F67E483E}
		{C8A81FA1-00A6-A89E-D121-D71451D98C8A} = {827E0CD3-B72D-47B6-A68D-7590B98EB39B}
		{DA3EA065-BE99-47C7-8A2F-059CDAC6303E} = {C8A81FA1-00A6-A89E-D121-D71451D98C8A}
		{9A60A117-E731-4ED2-B668-7F3485EC76EE} = {C8A81FA1-00A6-A89E-D121-D71451D98C8A}
		{5E9F3EAE-752A-49A0-AAAB-F93CBF57CC10} = {C8A81FA1-00A6-A89E-D121-D71451D98C8A}
		{A1E5725A-A870-49E6-AB10-CAD7C42CB858} = {C8A81FA1-00A6-A89E-D121-D71451D98C8A}
		{F56AEDBE-42E1-40BC-A71C-4AAE2D8FE4CC} = {C8A81FA1-00A6-A89E-D121-D71451D98C8A}
		{6306A8FB-679E-111F-6585-8F70E0EE6013} = {827E0CD3-B72D-47B6-A68D-7590B98EB39B}
		{5582917B-ADC6-4270-8D6B-70727812EF5E} = {6306A8FB-679E-111F-6585-8F70E0EE6013}
		{CB753486-031C-08A7-C788-4C8CBC49DED1} = {827E0CD3-B72D-47B6-A68D-7590B98EB39B}
		{492CE35D-8693-401A-AA7A-053FBADC41C0} = {CB753486-031C-08A7-C788-4C8CBC49DED1}
		{955E4629-C6BB-48E8-85B4-2704BEBA554F} = {CB753486-031C-08A7-C788-4C8CBC49DED1}
		{7D3F8FCF-D22C-4051-8001-F76BDF188B86} = {CB753486-031C-08A7-C788-4C8CBC49DED1}
		{911C0EEE-13EC-4CBF-B6FC-96250EB4E380} = {CB753486-031C-08A7-C788-4C8CBC49DED1}
		{1624188B-818D-4C50-8E88-1054FA77ABAD} = {CB753486-031C-08A7-C788-4C8CBC49DED1}
		{F1B9B548-393F-459C-AAE7-5F7591D46FF8} = {0AB3BF05-4346-4AA6-1389-037BE0695223}
		{CB5649E2-DDCE-4E5A-A5BB-2A83F1A8DFCC} = {0AB3BF05-4346-4AA6-1389-037BE0695223}
		{3ED352D6-C7DE-4920-B747-1066EB9528CE} = {827E0CD3-B72D-47B6-A68D-7590B98EB39B}
		{3BF7231A-939F-4D1A-9D38-D46FBF7D6E62} = {3ED352D6-C7DE-4920-B747-1066EB9528CE}
		{006417BD-2D50-446A-A3FE-6DFBAC54D315} = {3ED352D6-C7DE-4920-B747-1066EB9528CE}
		{243DE257-484F-4712-A395-182FEC135304} = {3ED352D6-C7DE-4920-B747-1066EB9528CE}
		{CEBFD5A7-19AE-42F7-B272-16333551E86A} = {3ED352D6-C7DE-4920-B747-1066EB9528CE}
		{CA77AF32-CB05-49B4-A5A7-B0C6827CA194} = {3ED352D6-C7DE-4920-B747-1066EB9528CE}
		{B5D26855-872C-4B81-8898-593403D66A34} = {3ED352D6-C7DE-4920-B747-1066EB9528CE}
		{CD94841D-3983-4AEB-88BE-9BC1EADAC0C9} = {2031EC71-5F1F-DAB0-665B-E333F67E483E}
		{552F59AC-54BC-483A-999E-5D00319973D6} = {2031EC71-5F1F-DAB0-665B-E333F67E483E}
		{1F31ED14-AC08-4FBA-B305-6702DD59CB96} = {CB753486-031C-08A7-C788-4C8CBC49DED1}
		{E04AC581-EE81-47F8-B756-C877E2747C0C} = {C8A81FA1-00A6-A89E-D121-D71451D98C8A}
		{A75F64D0-22B7-4A9D-8026-A2F44ABFA33D} = {3ED352D6-C7DE-4920-B747-1066EB9528CE}
		{3BD8015A-27F9-42FC-985F-CDDF13B1FB53} = {3ED352D6-C7DE-4920-B747-1066EB9528CE}
	EndGlobalSection
EndGlobal
